
Microsoft Visual Studio Solution File, Format Version 12.00
# Visual Studio Version 17
VisualStudioVersion = 17.10.34928.147
MinimumVisualStudioVersion = 10.0.40219.1
Project("{9A19103F-16F7-4668-BE54-9A1E7A4F7556}") = "Parser", "CoinFollower\Parser.csproj", "{66923081-12C0-45CA-BCE6-449340413626}"
EndProject
Project("{9A19103F-16F7-4668-BE54-9A1E7A4F7556}") = "TelegramCoinBot", "TelegramCoinBot\TelegramCoinBot.csproj", "{213C4BFB-FDCC-4D58-94DC-7C9557A2297F}"
EndProject
Project("{9A19103F-16F7-4668-BE54-9A1E7A4F7556}") = "DatabaseLibrary", "ClassLibrary1\DatabaseLibrary.csproj", "{08210996-3930-4073-A1F7-F532294C09F9}"
EndProject
Project("{9A19103F-16F7-4668-BE54-9A1E7A4F7556}") = "CoinFollowerMain", "CoinFollowerMain\CoinFollowerMain.csproj", "{21A19AF9-CE91-40E5-937F-0B5887389415}"
EndProject
Global
	GlobalSection(SolutionConfigurationPlatforms) = preSolution
		Debug|Any CPU = Debug|Any CPU
		Release|Any CPU = Release|Any CPU
	EndGlobalSection
	GlobalSection(ProjectConfigurationPlatforms) = postSolution
		{66923081-12C0-45CA-BCE6-449340413626}.Debug|Any CPU.ActiveCfg = Debug|Any CPU
		{66923081-12C0-45CA-BCE6-449340413626}.Debug|Any CPU.Build.0 = Debug|Any CPU
		{66923081-12C0-45CA-BCE6-449340413626}.Release|Any CPU.ActiveCfg = Release|Any CPU
		{66923081-12C0-45CA-BCE6-449340413626}.Release|Any CPU.Build.0 = Release|Any CPU
		{213C4BFB-FDCC-4D58-94DC-7C9557A2297F}.Debug|Any CPU.ActiveCfg = Debug|Any CPU
		{213C4BFB-FDCC-4D58-94DC-7C9557A2297F}.Debug|Any CPU.Build.0 = Debug|Any CPU
		{213C4BFB-FDCC-4D58-94DC-7C9557A2297F}.Release|Any CPU.ActiveCfg = Release|Any CPU
		{213C4BFB-FDCC-4D58-94DC-7C9557A2297F}.Release|Any CPU.Build.0 = Release|Any CPU
		{08210996-3930-4073-A1F7-F532294C09F9}.Debug|Any CPU.ActiveCfg = Debug|Any CPU
		{08210996-3930-4073-A1F7-F532294C09F9}.Debug|Any CPU.Build.0 = Debug|Any CPU
		{08210996-3930-4073-A1F7-F532294C09F9}.Release|Any CPU.ActiveCfg = Release|Any CPU
		{08210996-3930-4073-A1F7-F532294C09F9}.Release|Any CPU.Build.0 = Release|Any CPU
		{21A19AF9-CE91-40E5-937F-0B5887389415}.Debug|Any CPU.ActiveCfg = Debug|Any CPU
		{21A19AF9-CE91-40E5-937F-0B5887389415}.Debug|Any CPU.Build.0 = Debug|Any CPU
		{21A19AF9-CE91-40E5-937F-0B5887389415}.Release|Any CPU.ActiveCfg = Release|Any CPU
		{21A19AF9-CE91-40E5-937F-0B5887389415}.Release|Any CPU.Build.0 = Release|Any CPU
	EndGlobalSection
	GlobalSection(SolutionProperties) = preSolution
		HideSolutionNode = FALSE
	EndGlobalSection
	GlobalSection(ExtensibilityGlobals) = postSolution
		SolutionGuid = {12678F6E-20BB-4878-8C9C-732A049E6C78}
	EndGlobalSection
EndGlobal
